{
  "name": "HTML",
  "lockfileVersion": 2,
  "requires": true,
  "packages": {
    "": {
      "dependencies": {
        "leaflet-draw-toolbar": "^0.3.0-alpha.1",
        "leaflet-toolbar": "^0.4.0-alpha.2"
      }
    },
    "node_modules/leaflet": {
      "version": "1.9.4",
      "resolved": "https://registry.npmjs.org/leaflet/-/leaflet-1.9.4.tgz",
      "integrity": "sha512-nxS1ynzJOmOlHp+iL3FyWqK89GtNL8U8rvlMOsQdTTssxZwCXh8N2NB3GDQOL+YR3XnWyZAxwQixURb+FA74PA==",
      "peer": true
    },
    "node_modules/leaflet-draw": {
      "version": "0.4.14",
      "resolved": "https://registry.npmjs.org/leaflet-draw/-/leaflet-draw-0.4.14.tgz",
      "integrity": "sha512-O99KSPjyHNMDE+uD/fpdPydvQfTE8QruaG7ylEEtKCIaSSb60mCWoDdGUqGEHU9PGPu2JxbEfkGTXY9eYv7aEw==",
      "peer": true
    },
    "node_modules/leaflet-draw-toolbar": {
      "version": "0.3.0-alpha.1",
      "resolved": "https://registry.npmjs.org/leaflet-draw-toolbar/-/leaflet-draw-toolbar-0.3.0-alpha.1.tgz",
      "integrity": "sha512-OhTetr7QXHaBaq5niiC0aV22j35+c9oVDcVToazJe/XVq9etHLUfMMaSO/bcPTFEBICOymkirnnuplmlfCGKgw==",
      "peerDependencies": {
        "leaflet": "^1.0.0",
        "leaflet-draw": "^0.4.0",
        "leaflet-toolbar": "^0.3.0"
      }
    },
    "node_modules/leaflet-toolbar": {
      "version": "0.4.0-alpha.2",
      "resolved": "https://registry.npmjs.org/leaflet-toolbar/-/leaflet-toolbar-0.4.0-alpha.2.tgz",
      "integrity": "sha512-g1KeU3DYGUOwXTS0vKIgJ8KgY0h/2B0qENNQUSYMFtSY2yzwaHWMbDyhDbk+aO8LgJ1iOX4fUt2bh1sYZbpmmQ==",
      "peerDependencies": {
        "leaflet": "*"
      }
    }
  },
  "dependencies": {
    "leaflet": {
      "version": "1.9.4",
      "resolved": "https://registry.npmjs.org/leaflet/-/leaflet-1.9.4.tgz",
      "integrity": "sha512-nxS1ynzJOmOlHp+iL3FyWqK89GtNL8U8rvlMOsQdTTssxZwCXh8N2NB3GDQOL+YR3XnWyZAxwQixURb+FA74PA==",
      "peer": true
    },
    "leaflet-draw": {
      "version": "0.4.14",
      "resolved": "https://registry.npmjs.org/leaflet-draw/-/leaflet-draw-0.4.14.tgz",
      "integrity": "sha512-O99KSPjyHNMDE+uD/fpdPydvQfTE8QruaG7ylEEtKCIaSSb60mCWoDdGUqGEHU9PGPu2JxbEfkGTXY9eYv7aEw==",
      "peer": true
    },
    "leaflet-draw-toolbar": {
      "version": "0.3.0-alpha.1",
      "resolved": "https://registry.npmjs.org/leaflet-draw-toolbar/-/leaflet-draw-toolbar-0.3.0-alpha.1.tgz",
      "integrity": "sha512-OhTetr7QXHaBaq5niiC0aV22j35+c9oVDcVToazJe/XVq9etHLUfMMaSO/bcPTFEBICOymkirnnuplmlfCGKgw==",
      "requires": {}
    },
    "leaflet-toolbar": {
      "version": "0.4.0-alpha.2",
      "resolved": "https://registry.npmjs.org/leaflet-toolbar/-/leaflet-toolbar-0.4.0-alpha.2.tgz",
      "integrity": "sha512-g1KeU3DYGUOwXTS0vKIgJ8KgY0h/2B0qENNQUSYMFtSY2yzwaHWMbDyhDbk+aO8LgJ1iOX4fUt2bh1sYZbpmmQ==",
      "requires": {}
    }
  }
}
